
Microsoft Visual Studio Solution File, Format Version 12.00
# Visual Studio 15
VisualStudioVersion = 15.0.27130.2036
MinimumVisualStudioVersion = 10.0.40219.1
Project("{888888A0-9F3D-457C-B088-3A5042F75D52}") = "pandasbasics", "pandasbasics\pandasbasics.pyproj", "{E40EBAAE-6C88-40F1-B9E4-B7F1D9B3C539}"
EndProject
Global
	GlobalSection(SolutionConfigurationPlatforms) = preSolution
		Debug|Any CPU = Debug|Any CPU
		Release|Any CPU = Release|Any CPU
	EndGlobalSection
	GlobalSection(ProjectConfigurationPlatforms) = postSolution
		{E40EBAAE-6C88-40F1-B9E4-B7F1D9B3C539}.Debug|Any CPU.ActiveCfg = Debug|Any CPU
		{E40EBAAE-6C88-40F1-B9E4-B7F1D9B3C539}.Release|Any CPU.ActiveCfg = Release|Any CPU
	EndGlobalSection
	GlobalSection(SolutionProperties) = preSolution
		HideSolutionNode = FALSE
	EndGlobalSection
	GlobalSection(ExtensibilityGlobals) = postSolution
		SolutionGuid = {2DB9A878-166E-4C03-8571-1293D8365584}
	EndGlobalSection
EndGlobal
